PODS:
  - GifCameraController (0.1.0)

DEPENDENCIES:
  - GifCameraController (from `../`)

EXTERNAL SOURCES:
  GifCameraController:
    :path: "../"

SPEC CHECKSUMS:
  GifCameraController: 9aaccf46799e734c2c27f2702b47c7e41855e290

PODFILE CHECKSUM: 1390226d4df1f6f911aea6da76332171a8df8868

COCOAPODS: 1.2.1
